Microsoft Visual Studio Solution File, Format Version 11.00
# Visual Studio 2008

Project("{98ADB87C-B15F-476B-0ED2-968BC74C2D9B}") = "Seminar - Current", "Assembly-CSharp-firstpass-vs.csproj", "{63CF456D-BF38-52AE-21A6-6A4E7E9AC70B}"
EndProject
Project("{98ADB87C-B15F-476B-0ED2-968BC74C2D9B}") = "Seminar - Current", "Assembly-CSharp-vs.csproj", "{4208BE72-1C3C-8FF3-1DA9-94AED9BA5D87}"
EndProject
Global
	GlobalSection(SolutionConfigurationPlatforms) = preSolution
		Debug|Any CPU = Debug|Any CPU
		Release|Any CPU = Release|Any CPU
	EndGlobalSection
	GlobalSection(ProjectConfigurationPlatforms) = postSolution
		{63CF456D-BF38-52AE-21A6-6A4E7E9AC70B}.Debug|Any CPU.ActiveCfg = Debug|Any CPU
		{63CF456D-BF38-52AE-21A6-6A4E7E9AC70B}.Debug|Any CPU.Build.0 = Debug|Any CPU
		{63CF456D-BF38-52AE-21A6-6A4E7E9AC70B}.Release|Any CPU.ActiveCfg = Release|Any CPU
		{63CF456D-BF38-52AE-21A6-6A4E7E9AC70B}.Release|Any CPU.Build.0 = Release|Any CPU
		{4208BE72-1C3C-8FF3-1DA9-94AED9BA5D87}.Debug|Any CPU.ActiveCfg = Debug|Any CPU
		{4208BE72-1C3C-8FF3-1DA9-94AED9BA5D87}.Debug|Any CPU.Build.0 = Debug|Any CPU
		{4208BE72-1C3C-8FF3-1DA9-94AED9BA5D87}.Release|Any CPU.ActiveCfg = Release|Any CPU
		{4208BE72-1C3C-8FF3-1DA9-94AED9BA5D87}.Release|Any CPU.Build.0 = Release|Any CPU
	EndGlobalSection
	GlobalSection(SolutionProperties) = preSolution
		HideSolutionNode = FALSE
	EndGlobalSection
																																																																																																																																																																																																										GlobalSection(MonoDevelopProperties) = preSolution
		StartupItem = Assembly-CSharp.csproj
		Policies = $0
		$0.TextStylePolicy = $1
		$1.inheritsSet = null
		$1.scope = text/x-csharp
		$0.CSharpFormattingPolicy = $2
		$2.inheritsSet = Mono
		$2.inheritsScope = text/x-csharp
		$2.scope = text/x-csharp
		$0.TextStylePolicy = $3
		$3.FileWidth = 120
		$3.TabWidth = 4
		$3.EolMarker = Unix
		$3.inheritsSet = Mono
		$3.inheritsScope = text/plain
		$3.scope = text/plain
	EndGlobalSection

EndGlobal
